{
  "lockfileVersion": 1,
  "configVersion": 1,
  "workspaces": {
    "": {
      "dependencies": {
        "@tanstack/zod-form-adapter": "^0.42.1",
      },
    },
  },
  "packages": {
    "@tanstack/form-core": ["@tanstack/form-core@0.42.1", "", { "dependencies": { "@tanstack/store": "^0.7.0" } }, "sha512-jTU0jyHqFceujdtPNv3jPVej1dTqBwa8TYdIyWB5BCwRVUBZEp1PiYEBkC9r92xu5fMpBiKc+JKud3eeVjuMiA=="],

    "@tanstack/store": ["@tanstack/store@0.7.7", "", {}, "sha512-xa6pTan1bcaqYDS9BDpSiS63qa6EoDkPN9RsRaxHuDdVDNntzq3xNwR5YKTU/V3SkSyC9T4YVOPh2zRQN0nhIQ=="],

    "@tanstack/zod-form-adapter": ["@tanstack/zod-form-adapter@0.42.1", "", { "dependencies": { "@tanstack/form-core": "0.42.1" }, "peerDependencies": { "zod": "^3.x" } }, "sha512-hPRM0lawVKP64yurW4c6KHZH6altMo2MQN14hfi+GMBTKjO9S7bW1x5LPZ5cayoJE3mBvdlahpSGT5rYZtSbXQ=="],

    "zod": ["zod@3.25.76", "", {}, "sha512-gzUt/qt81nXsFGKIFcC3YnfEAx5NkunCfnDlvuBSSFS02bcXu4Lmea0AFIUwbLWxWPx3d9p8S5QoaujKcNQxcQ=="],
  }
}
