{
  "lockfileVersion": 1,
  "configVersion": 1,
  "workspaces": {
    "": {
      "name": "noodle",
      "dependencies": {
        "@faker-js/faker": "10.6.0",
        "@jitl/quickjs-singlefile-mjs-release-sync": "0.32.0",
        "@opentui/core": "^0.5.11",
        "@opentui/keymap": "^0.5.11",
        "@opentui/react": "^0.5.12",
        "ajv": "8.20.0",
        "ajv-formats": "3.0.1",
        "aws4": "^1.13.2",
        "citty": "^0.2.2",
        "csv-parse": "7.0.2",
        "httpsnippet": "^3.0.10",
        "jose": "^6.2.12",
        "js-yaml": "^5.4.2",
        "jsonc-parser": "^3.3.1",
        "jsonpath-plus": "^10.4.0",
        "oauth-1.0a": "^2.2.6",
        "postman-collection": "^5.3.1",
        "quickjs-emscripten-core": "0.32.0",
        "react": "^19.3.0",
        "sax": "1.6.1",
        "tough-cookie": "^6.0.2",
      },
      "devDependencies": {
        "@types/aws4": "^1.11.6",
        "@types/react": "^19.3.0",
        "@types/sax": "1.2.7",
        "bun-types": "^1.4.2",
        "husky": "^9.1.7",
        "lint-staged": "^17.5.1",
        "oxfmt": "^0.68.0",
        "oxlint": "^1.85.0",
        "typescript": "^7.0.2",
      },
    },
  },
  "patchedDependencies": {
    "httpsnippet@3.0.10": "patches/httpsnippet@3.0.10.patch",
    "@jitl/quickjs-singlefile-mjs-release-sync@0.32.0": "patches/@jitl%2Fquickjs-singlefile-mjs-release-sync@0.32.0.patch",
    "postman-collection@5.3.1": "patches/postman-collection@5.3.1.patch",
  },
  "overrides": {
    "@faker-js/faker": "10.6.0",
    "form-data": "^4.0.6",
    "lodash": "^4.17.24",
    "uuid": "^11.1.1",
  },
  "packages": {
    "@faker-js/faker": ["@faker-js/faker@10.6.0", "", {}, "sha512-3RQHgEtvL1Frl/d1cSreo7qhJ3Gk1OdNUai/CtZ8G+wYeRQnJih3s9xJ9/kgYekPQRdwgh0HXRPqMlzWGwivIQ=="],

    "@jitl/quickjs-ffi-types": ["@jitl/quickjs-ffi-types@0.32.0", "", {}, "sha512-v9T+GQpmk43VDJ7d72sf0Nexhk+ArvtUihW27dy7lqAl0zBObFKtSBBIm5RBjwIhE8VwsPPm9PNuvPvNqLWUEg=="],

    "@jitl/quickjs-singlefile-mjs-release-sync": ["@jitl/quickjs-singlefile-mjs-release-sync@0.32.0", "", { "dependencies": { "@jitl/quickjs-ffi-types": "0.32.0" } }, "sha512-h9g2Dri6WxKNjX6a1+sFAafOVxj1n5YIA1GAzMoSdIqK1M8cG07tz3GxKVC3Gbdutz14uQ3oc3Q2lll8otInhA=="],

    "@jsep-plugin/assignment": ["@jsep-plugin/assignment@1.3.0", "", { "peerDependencies": { "jsep": "^0.4.0||^1.0.0" } }, "sha512-VVgV+CXrhbMI3aSusQyclHkenWSAm95WaiKrMxRFam3JSUiIaQjoMIw2sEs/OX4XifnqeQUN4DYbJjlA8EfktQ=="],

    "@jsep-plugin/regex": ["@jsep-plugin/regex@1.0.4", "", { "peerDependencies": { "jsep": "^0.4.0||^1.0.0" } }, "sha512-q7qL4Mgjs1vByCaTnDFcBnV9HS7GVPJX5vyVoCgZHNSC9rjwIlmbXG5sUuorR5ndfHAIlJ8pVStxvjXHbNvtUg=="],

    "@opentui/core": ["@opentui/core@0.5.11", "", { "dependencies": { "bun-ffi-structs": "0.3.1", "diff": "9.0.0", "marked": "17.0.1", "string-width": "7.2.0", "strip-ansi": "7.1.2" }, "optionalDependencies": { "@opentui/core-darwin-arm64": "0.5.11", "@opentui/core-darwin-x64": "0.5.11", "@opentui/core-linux-arm64": "0.5.11", "@opentui/core-linux-arm64-musl": "0.5.11", "@opentui/core-linux-x64": "0.5.11", "@opentui/core-linux-x64-musl": "0.5.11", "@opentui/core-win32-arm64": "0.5.11", "@opentui/core-win32-x64": "0.5.11" }, "peerDependencies": { "web-tree-sitter": "0.25.10" } }, "sha512-pImMfjCNx7JUp9Df1LRZBDLisWqgzOLXZKXO+hh3jA9ujBFPQnZOqbG+/N5uVAAX8IZGaqhYSQRwSZIFBmcfbQ=="],

    "@opentui/core-darwin-arm64": ["@opentui/core-darwin-arm64@0.5.11", "", { "os": "darwin", "cpu": "arm64" }, "sha512-DRXY5ioq+n1ZNAMAcaFaBunr0cmi2gqucjbTW7lgFp8t9uN3fNZnLTDOqkCTQtT2XhrU4GXqySaPSQ4qFG/EAQ=="],

    "@opentui/core-darwin-x64": ["@opentui/core-darwin-x64@0.5.11", "", { "os": "darwin", "cpu": "x64" }, "sha512-yP/8GliJDiJNm8YYJKvgWuy6xyCEd8d4GwBVOIzCFOI7ZIbGP8GOTvmwIjRW4Paw20pTttWMWyRoQiCvOXvH2g=="],

    "@opentui/core-linux-arm64": ["@opentui/core-linux-arm64@0.5.11", "", { "os": "linux", "cpu": "arm64" }, "sha512-zBIsRFHlLUYFNhapRSNt9dz4mC8gZ4Wxcfy3A+2AwqsgCipcr2FkIuAXYqN08q+IvqFX7DfqgIFGWDNedHTPUg=="],

    "@opentui/core-linux-arm64-musl": ["@opentui/core-linux-arm64-musl@0.5.11", "", { "os": "linux", "cpu": "arm64" }, "sha512-x+xeR2LYibvIi/qQetRjJR008sFRve60QuDcO8ItxUwzFeKTDzl5CEiZpBXfm5I4FhRNuyuj0TSPIFadMvrjFQ=="],

    "@opentui/core-linux-x64": ["@opentui/core-linux-x64@0.5.11", "", { "os": "linux", "cpu": "x64" }, "sha512-pSOXqOADrv+zINOgR3FDFA9zVRaim3zl8/yhtO+X9rEJ6f34z3gDund0Gf88hNJSMpZK5xWtipEVm28RY5VF8w=="],

    "@opentui/core-linux-x64-musl": ["@opentui/core-linux-x64-musl@0.5.11", "", { "os": "linux", "cpu": "x64" }, "sha512-MyqOnSs8pTYG2xmFr1xt6xZIuHu2Xu4pkle9my9JdE+WClmusHf0YN9Eas6jQLAq5XUi34r22wMeK0juk93zyw=="],

    "@opentui/core-win32-arm64": ["@opentui/core-win32-arm64@0.5.11", "", { "os": "win32", "cpu": "arm64" }, "sha512-MGGRXIDJ//HyaqC5ndSr7/CUl+ICdYEAMcjbA00UWsthh4ZO/rYhPkyqOaTn5ck6+G4ca3/+M76J+jImMYTjNg=="],

    "@opentui/core-win32-x64": ["@opentui/core-win32-x64@0.5.11", "", { "os": "win32", "cpu": "x64" }, "sha512-sMEGX9rhiPd1gBa190jzj5uIdzKCMImxHmr22hJLxIRWqejxWvqGnRBkW68wT8NfMViDiMtZWavgWL7GgmYCAQ=="],

    "@opentui/keymap": ["@opentui/keymap@0.5.11", "", { "dependencies": { "@opentui/core": "0.5.11" }, "peerDependencies": { "@opentui/react": "0.5.11", "@opentui/solid": "0.5.11", "react": ">=19.2.0", "solid-js": "1.9.12" }, "optionalPeers": ["@opentui/react", "@opentui/solid", "react", "solid-js"] }, "sha512-2c7Qsi2H5tg2ODxf1uOhEEao6JsaBAZRQ43z7nmHdtX5XK5VTNPgScZKBGaYTx/zBIaq/MkCCgPpr/m5wHdssw=="],

    "@opentui/react": ["@opentui/react@0.5.12", "", { "dependencies": { "@opentui/core": "0.5.12", "react-reconciler": "^0.33.0" }, "peerDependencies": { "react": ">=19.2.0", "react-devtools-core": "^7.0.1", "ws": "^8.18.0" } }, "sha512-cHzTW0Pyr2kl/sMX7nviP2TM0kLwE8x1Dny5KweqCj0PFBAQsISboTxq0jjjeVAUEYWY89xfDzz+rGpwBzWbRg=="],

    "@oxfmt/binding-android-arm-eabi": ["@oxfmt/binding-android-arm-eabi@0.68.0", "", { "os": "android", "cpu": "arm" }, "sha512-dhfYPbzv/h9JgHjNkl2R6sOjUfxDyLGOZVb3g8/ScaTNwwJcYgmHh8kcYFDUhinuy1QAoANCWUvw1jlk+z6gAg=="],

    "@oxfmt/binding-android-arm64": ["@oxfmt/binding-android-arm64@0.68.0", "", { "os": "android", "cpu": "arm64" }, "sha512-v3Njdi6qY0O/5eGfg01ww2w6gTn2mUvZ72Bnx1/UN53A9wruh3Nk6otc3WkgJLkXD4Qgz1SOcVQieH1oD03V9Q=="],

    "@oxfmt/binding-darwin-arm64": ["@oxfmt/binding-darwin-arm64@0.68.0", "", { "os": "darwin", "cpu": "arm64" }, "sha512-ei4MCMzHFREmZwPJ7KuWUB4kBuHdsgDrnXGJVcEAopU7fj7S42I8BChdFILWdHvhFqR08FLJtOfbZIr2CDw0cA=="],

    "@oxfmt/binding-darwin-x64": ["@oxfmt/binding-darwin-x64@0.68.0", "", { "os": "darwin", "cpu": "x64" }, "sha512-UrKgzZxYhwB9DSvTX+vdgl9M32wLUNKJcAKIoiyx/Kzn/zveqi7W6kYVcRroFMhS3Kwz0KhTk3WBeSuQn4YCTg=="],

    "@oxfmt/binding-freebsd-x64": ["@oxfmt/binding-freebsd-x64@0.68.0", "", { "os": "freebsd", "cpu": "x64" }, "sha512-6jrEKgpJbilM1QaRv7hEtKXr4p4AK4jvvyOtajwyhu0kOz3e0O7OLnSTk6tBotRqCcUC4ehZRJ1Zx+Y99wieLw=="],

    "@oxfmt/binding-linux-arm-gnueabihf": ["@oxfmt/binding-linux-arm-gnueabihf@0.68.0", "", { "os": "linux", "cpu": "arm" }, "sha512-YOIVnKOBaLeGullskS179N12hjSAdFYnzLjOaKiLhAKNWgnShq9w4xRdtmUm6BlnP65l2/EA9Aw/KlftNxDM7Q=="],

    "@oxfmt/binding-linux-arm-musleabihf": ["@oxfmt/binding-linux-arm-musleabihf@0.68.0", "", { "os": "linux", "cpu": "arm" }, "sha512-xW5XoEHVNqydPBv2KXvk9lmEzyAlOQHVEazKoXUuAacqekjya+OdiaFjjEBl0oJD02raG8g3TRl9OVCh9PDIHA=="],

    "@oxfmt/binding-linux-arm64-gnu": ["@oxfmt/binding-linux-arm64-gnu@0.68.0", "", { "os": "linux", "cpu": "arm64" }, "sha512-QCvYwVVQieu6oyJglAgV9vH/YMDxZyR4cwVSYtoq9oOXd5N+D3TDUBjNwxFrLn5AdcJZOcvn/7IB17vJGp+2Og=="],

    "@oxfmt/binding-linux-arm64-musl": ["@oxfmt/binding-linux-arm64-musl@0.68.0", "", { "os": "linux", "cpu": "arm64" }, "sha512-4TVz5iFQ8ndrHnhX50UXiz9BIWAtUSOHJ6Nus4qWFfJBXq/Ed/krXbF/ehJu42BXM5tIvBs99jNIM22s9agY5A=="],

    "@oxfmt/binding-linux-ppc64-gnu": ["@oxfmt/binding-linux-ppc64-gnu@0.68.0", "", { "os": "linux", "cpu": "ppc64" }, "sha512-qLe3ao0RP84bnPxBvRI+GnlK/jybo538NWu0Xrm+zYeTmJtpzqLhnnd5BH21NafqKnplbGZjtN1cnrOlWF73lw=="],

    "@oxfmt/binding-linux-riscv64-gnu": ["@oxfmt/binding-linux-riscv64-gnu@0.68.0", "", { "os": "linux", "cpu": "none" }, "sha512-Yvyl7a6gbb0vM6r925KW2dO+/CmXySO5TVbcX7o/uZJ+d108HFOG0TxIyHApmn5USuj5mhDPxzhiVwOlGP7uSA=="],

    "@oxfmt/binding-linux-riscv64-musl": ["@oxfmt/binding-linux-riscv64-musl@0.68.0", "", { "os": "linux", "cpu": "none" }, "sha512-mJlFuFVCxzrYM5sFStN433D/s/mb6Wq4aCQAM02vs/OudHywnaSAd2rb1vlYUJtqdYIciJtiasuxvfbYkv5fLg=="],

    "@oxfmt/binding-linux-s390x-gnu": ["@oxfmt/binding-linux-s390x-gnu@0.68.0", "", { "os": "linux", "cpu": "s390x" }, "sha512-RlfSg++qs1hbKltRR6lYvV9EoI3MdlfSQD9w1hdHVYjHqjIn1tkH4FWOpMSmjKGN20zr+nI+W9o4ARogCDudGQ=="],

    "@oxfmt/binding-linux-x64-gnu": ["@oxfmt/binding-linux-x64-gnu@0.68.0", "", { "os": "linux", "cpu": "x64" }, "sha512-nyzRB9U+dlYUKu3pMo3afHzZBUv/oTHZMG36ZfJViNVfOIzp70Q4GS8FFRGgYJ/p0zcyDCgpBvYISOdJOMh+jQ=="],

    "@oxfmt/binding-linux-x64-musl": ["@oxfmt/binding-linux-x64-musl@0.68.0", "", { "os": "linux", "cpu": "x64" }, "sha512-iCx3sbZRIvGrL1RafphEiUKBaW1lc0/tAjKOIB/Wjw2+STRBEdu5+fH1Gc1faEWEmc2k5Ks4iUUV54Zd5C9a1A=="],

    "@oxfmt/binding-openharmony-arm64": ["@oxfmt/binding-openharmony-arm64@0.68.0", "", { "os": "none", "cpu": "arm64" }, "sha512-x2X5AZez7OgyLLFpwIgItoXBUqudDM7yiaTsxv8R8vKQ6e81l0jVw0NFeUCXzcl1sAJq8h+tC8N4mY8EiMeL4w=="],

    "@oxfmt/binding-win32-arm64-msvc": ["@oxfmt/binding-win32-arm64-msvc@0.68.0", "", { "os": "win32", "cpu": "arm64" }, "sha512-AHVPjXkenLPQUh6kB8zSC8pX2ct9r4T1Edk9r/RNJyov6wPsS5uAfYtipwG4chn6+3bPFG5rI/3DxEeH8vib1w=="],

    "@oxfmt/binding-win32-ia32-msvc": ["@oxfmt/binding-win32-ia32-msvc@0.68.0", "", { "os": "win32", "cpu": "ia32" }, "sha512-n09SjEk5VH7z8Hl4WVP7hho+cCwGViENkQFiM45vbW85dJd7kEhWaHRUobaPzEmrWyu6uumd4EuNfNyDKLtzDA=="],

    "@oxfmt/binding-win32-x64-msvc": ["@oxfmt/binding-win32-x64-msvc@0.68.0", "", { "os": "win32", "cpu": "x64" }, "sha512-gPe+dJLXaPuWPWqlpklDAJp0k+K9KhQPYiQLHfb+i2rmFuUGfJ/5Qlj6tr1mO6of5g0DiLjG/XCFHIaPhotqqA=="],

    "@oxlint/binding-android-arm-eabi": ["@oxlint/binding-android-arm-eabi@1.85.0", "", { "os": "android", "cpu": "arm" }, "sha512-q2KO/Zso9UT+OMn0NF9ywn4E4t0MI3yxiDhNyhsQ7DyQJrC4FhFE4TXOi4bktFnOWXTMds8qZSbpv2XwRaNOBg=="],

    "@oxlint/binding-android-arm64": ["@oxlint/binding-android-arm64@1.85.0", "", { "os": "android", "cpu": "arm64" }, "sha512-SxLN3ALjoT9NNdvpjEevGeHvfzTAFrF0NBYB5tzK7/GtCKMze3j1e/m/X2ozqGj2U9hfGG/dg/OG8vpVK4PiDA=="],

    "@oxlint/binding-darwin-arm64": ["@oxlint/binding-darwin-arm64@1.85.0", "", { "os": "darwin", "cpu": "arm64" }, "sha512-Y/Sup/J4f0f9UGsSd/xyCNTeWL+gepO63GBdEDAfue9nBsnk9zMmnIXx1O6b1V8C90vB5nucYNZ0pbMXAp8zJA=="],

    "@oxlint/binding-darwin-x64": ["@oxlint/binding-darwin-x64@1.85.0", "", { "os": "darwin", "cpu": "x64" }, "sha512-ApOSNC04ynpDTwvBD+//0wyfODRSbEzvRoKpX8teffmc27z8AockwSNeMXGJXn5KP85eahDgR/2llICWLkzcnw=="],

    "@oxlint/binding-freebsd-x64": ["@oxlint/binding-freebsd-x64@1.85.0", "", { "os": "freebsd", "cpu": "x64" }, "sha512-bNrVrCOA/kHky3Tu79IXWXe5bhIgLXfUuUEDHlAGOHUk96MkvDZ1ecaQF19rwstrnaqfP1o9nBTqzIr9+ZHkUg=="],

    "@oxlint/binding-linux-arm-gnueabihf": ["@oxlint/binding-linux-arm-gnueabihf@1.85.0", "", { "os": "linux", "cpu": "arm" }, "sha512-NUrzOJ1s/EqsVvfn2L/1D8Wro2LPIZUbihL8kOJLh5fEdGEN3rdOGUYq3HwnUIL8sjpoP+4N6RaGrgmMJnaMPw=="],

    "@oxlint/binding-linux-arm-musleabihf": ["@oxlint/binding-linux-arm-musleabihf@1.85.0", "", { "os": "linux", "cpu": "arm" }, "sha512-UJXrAT3E/RWkEqXLIs2ehETja1qfgkPb+5gwLIIS+o/6cf+grHvoOXTa5997a/YNQfcJS0DRBTOfZt95cvOI1g=="],

    "@oxlint/binding-linux-arm64-gnu": ["@oxlint/binding-linux-arm64-gnu@1.85.0", "", { "os": "linux", "cpu": "arm64" }, "sha512-lK40QLjI0HxigO7CjDDshEtfYIeiYS0020v5BHFPqN4uuQBQxd2K9LNom2dW15o9F1937quSCRVp4ZsVhdbYdg=="],

    "@oxlint/binding-linux-arm64-musl": ["@oxlint/binding-linux-arm64-musl@1.85.0", "", { "os": "linux", "cpu": "arm64" }, "sha512-c2zbdBwGKreHXwRx3gWBuFGJxLhxgsg6YlZ+3H+RgRusU/UEV9jNwJ3HGYK+nRo0LvBa7mt6Kj86xoVotUo8cw=="],

    "@oxlint/binding-linux-ppc64-gnu": ["@oxlint/binding-linux-ppc64-gnu@1.85.0", "", { "os": "linux", "cpu": "ppc64" }, "sha512-tlt/Hy8lZ97/lCPmCgw/B3k/mwh+BzaIPbPkldZEly7TwLmx0xe2CQcaW2g/rR0dOgS9JNGCZsMEqLhUNMGvaw=="],

    "@oxlint/binding-linux-riscv64-gnu": ["@oxlint/binding-linux-riscv64-gnu@1.85.0", "", { "os": "linux", "cpu": "none" }, "sha512-3tNR9Xey82X0zKuY1d8hJ6Rc9gwRDurmqGLnQZa5xqOXy8/YyiqFXjAtugkKLY82obOlpK1eSiDRlgcNPuxtIg=="],

    "@oxlint/binding-linux-riscv64-musl": ["@oxlint/binding-linux-riscv64-musl@1.85.0", "", { "os": "linux", "cpu": "none" }, "sha512-wbGRd5PqCcjkJFHhZuZ2OBSUQY9czlQsoA/cQQB9JK/L9mC5MQgGoKAh+xd8QjA5V+0D3j+Qd1lAWn1I8zlelA=="],

    "@oxlint/binding-linux-s390x-gnu": ["@oxlint/binding-linux-s390x-gnu@1.85.0", "", { "os": "linux", "cpu": "s390x" }, "sha512-3Sn0kSrE4DPZCWV/8o+n4x3aFZxI9ulMnkYlwCbJ8eUVkwRK2IerohE/A/z3SNbCwoPFOCJmGE5Avrq0rrvdvQ=="],

    "@oxlint/binding-linux-x64-gnu": ["@oxlint/binding-linux-x64-gnu@1.85.0", "", { "os": "linux", "cpu": "x64" }, "sha512-JY2pxxYfB62bAGfejljVCqc44etItehPuAyaeSAdMuEMtwNA00ggMnS66lC1oIhos6oOXUkuU6mZ9bpFh3BqWg=="],

    "@oxlint/binding-linux-x64-musl": ["@oxlint/binding-linux-x64-musl@1.85.0", "", { "os": "linux", "cpu": "x64" }, "sha512-5k74vZ6qJBjBHEOlBk9B/iv68Yu0F1Afw/vvT2ar6OGCqEeXLaSjXz2n/IPCbhLG22UoKoYEJTzpYraRdcp6PA=="],

    "@oxlint/binding-openharmony-arm64": ["@oxlint/binding-openharmony-arm64@1.85.0", "", { "os": "none", "cpu": "arm64" }, "sha512-GbAl5qt5TCkPLXTaIISZJnugrcBhra6rodcXc9jYt620UtdsTt71NlNmJmm0frxzFpd54x/G+MkitEJA8I/BoA=="],

    "@oxlint/binding-win32-arm64-msvc": ["@oxlint/binding-win32-arm64-msvc@1.85.0", "", { "os": "win32", "cpu": "arm64" }, "sha512-kjmws5MK0et2swk4ND85D7NVQyDHw162i6whtZDLUA/lo6FQyBZDcmMRCMcVZcNrAhIaftVb00x9ChGDOjjNJA=="],

    "@oxlint/binding-win32-ia32-msvc": ["@oxlint/binding-win32-ia32-msvc@1.85.0", "", { "os": "win32", "cpu": "ia32" }, "sha512-eSsIJx9n4yxvOqYTZyPEMyEXRmE60XH7xGAU7i0Qbsn1lf6Za3CWJ9aRd82oSFKXaxhp+sA6/yMJVRIpLpna6A=="],

    "@oxlint/binding-win32-x64-msvc": ["@oxlint/binding-win32-x64-msvc@1.85.0", "", { "os": "win32", "cpu": "x64" }, "sha512-pBebIPUpKKhWrhSMWhy8TdAZBewiXnfxmaAGxhzxM1068GagqFaTwgKlU6e+UyJ2sPR+VoHouhXuGJkQjsrDvA=="],

    "@types/aws4": ["@types/aws4@1.11.6", "", { "dependencies": { "@types/node": "*" } }, "sha512-5CnVUkHNyLGpD9AnOcK66YyP0qvIh6nhJJoeK8zSl5YKikUcUbdB7SlHevUYVqicgeh6j5AJa1qa/h08dSZHoA=="],

    "@types/node": ["@types/node@26.6.2", "", { "dependencies": { "undici-types": "~8.9.0" } }, "sha512-X1P21scMv4zGKLYqjdGjaKa7COa0RKVYYZZN/NfvLQ1JegxFhdhpZG/Lyn8AXx6CDUavKAd11v6BvfpkDByK8g=="],

    "@types/react": ["@types/react@19.3.0", "", { "dependencies": { "csstype": "^3.2.2" } }, "sha512-N0rFCuH9YoxG9/m61l9MfpJKfmLOVU0em7ipIz6TRgSSkvReLB9vL85GB+yr8Bs5leqpvg96JSwF4ZS1s4viQg=="],

    "@types/sax": ["@types/sax@1.2.7", "", { "dependencies": { "@types/node": "*" } }, "sha512-rO73L89PJxeYM3s3pPPjiPgVVcymqU490g0YO5n5By0k2Erzj6tay/4lr1CHAAU4JyOWd1rpQ8bCf6cZfHU96A=="],

    "@typescript/typescript-aix-ppc64": ["@typescript/typescript-aix-ppc64@7.0.2", "", { "os": "aix", "cpu": "ppc64" }, "sha512-MTKKkWB7p/0E9xi1d1tHtZ5PiLkGEMIq88pK2CubZjOsLtYTLqhgIgi6zepFa+9GHZ6h05NMCkQxGKiPXMxXtQ=="],

    "@typescript/typescript-darwin-arm64": ["@typescript/typescript-darwin-arm64@7.0.2", "", { "os": "darwin", "cpu": "arm64" }, "sha512-gowzar9MwS/aRWp6f3a4KUqzRjAZjOsmGNCM6LcTgXum+dBfgsBVMN+AgvOCCbguXyick6LJhpBszxMebJ8syA=="],

    "@typescript/typescript-darwin-x64": ["@typescript/typescript-darwin-x64@7.0.2", "", { "os": "darwin", "cpu": "x64" }, "sha512-SZ9xZInqApNlNGc9s0W1VSsktYSOe9cFqNOIqmN1Gs8SmkjKZYFt017G4VwPxASInODuAdbTW7sXiFUf893RgA=="],

    "@typescript/typescript-freebsd-arm64": ["@typescript/typescript-freebsd-arm64@7.0.2", "", { "os": "freebsd", "cpu": "arm64" }, "sha512-W5NH4y/J0plIIS5b2xvTEkU7JFxyqdMAOgf+Ilhl0vHQXKO5dZoxd+C/jEtq56c4F3wk71RB4BMRQ2XdI+bwYQ=="],

    "@typescript/typescript-freebsd-x64": ["@typescript/typescript-freebsd-x64@7.0.2", "", { "os": "freebsd", "cpu": "x64" }, "sha512-UMGDx5sTpzNw3WiPebH7l90IWfJggEd+egHt/q6p7/Cm3zqoV7VxkGXt+3DxPIw8CcmvAB0j3sVVfbhX+M4Tpw=="],

    "@typescript/typescript-linux-arm": ["@typescript/typescript-linux-arm@7.0.2", "", { "os": "linux", "cpu": "arm" }, "sha512-gffT3xPz9sR7j/YJExkyPntrI0P2EP9XbOyWzth2/Gs0RstK+90RBcO0ncXoXy/beYll1SXw846Nf2zdnEz0QQ=="],

    "@typescript/typescript-linux-arm64": ["@typescript/typescript-linux-arm64@7.0.2", "", { "os": "linux", "cpu": "arm64" }, "sha512-Qh4eU4/y3yDjnfjjyPYihMj5/ODIlmt+Bzu17OI+fiSRDW57QmU5SiN63exPRNJPKUzcc1INa1NXdrJ+MqHjUQ=="],

    "@typescript/typescript-linux-loong64": ["@typescript/typescript-linux-loong64@7.0.2", "", { "os": "linux", "cpu": "none" }, "sha512-uEHck9i8hoAzXPiYRib1O7miOnz23SxIeVl6F4LXox+qov1K35jHcEW6VHKvZI+pyvl7fZEP4MCU5LYvIq1GuQ=="],

    "@typescript/typescript-linux-mips64el": ["@typescript/typescript-linux-mips64el@7.0.2", "", { "os": "linux", "cpu": "none" }, "sha512-R4KvAMnE43W5Qeqb0Ly56O3mWMWIAgsMyz36DCaycd5nbg/9kzm0liw3JocfRqyJY0KPmzFjbswozXyW0DnIYA=="],

    "@typescript/typescript-linux-ppc64": ["@typescript/typescript-linux-ppc64@7.0.2", "", { "os": "linux", "cpu": "ppc64" }, "sha512-DORx5b3sd/4S7eayxm4FQv+A7CrkUIGRaHiwI8oiHTAI1fAPWhF4J0vAlkC8biAlHSVVwxMQ3tjZ2/DVbnQiiA=="],

    "@typescript/typescript-linux-riscv64": ["@typescript/typescript-linux-riscv64@7.0.2", "", { "os": "linux", "cpu": "none" }, "sha512-wf0jqEDOjrPRnKwYRyyJDRo11KMbvMFrU+q4zqKyChODBzvlkbhNQfKvLxQCcwTpdDaXSHZTVuh0JoCrKCUMHQ=="],

    "@typescript/typescript-linux-s390x": ["@typescript/typescript-linux-s390x@7.0.2", "", { "os": "linux", "cpu": "s390x" }, "sha512-IkwJc3L7yhytWd/ewjyxNDfOmswCm9GWMJT/ue/dU4aZNbwZeYAetq42VyLmsmSjvoX7z74X6ZaYCtzAr0EuGw=="],

    "@typescript/typescript-linux-x64": ["@typescript/typescript-linux-x64@7.0.2", "", { "os": "linux", "cpu": "x64" }, "sha512-EYdf2cNg7rgCWJnxCdJ+F3V39O8ihb37eHAu1LK8oAFizgTQbPOK7zHHXbPt8rX24COqODXeI3sIf0fCXG7H/A=="],

    "@typescript/typescript-netbsd-arm64": ["@typescript/typescript-netbsd-arm64@7.0.2", "", { "os": "none", "cpu": "arm64" }, "sha512-+polYF4MF04aPpO5FTkHran9yUQDSXqy5GiSDKpsll5jy3l3+g9QLhpf39T+ePtefhXLOGrLl0QIjkQP6VnelA=="],

    "@typescript/typescript-netbsd-x64": ["@typescript/typescript-netbsd-x64@7.0.2", "", { "os": "none", "cpu": "x64" }, "sha512-8YIT0EHM/3dq10ZOVF/A7pc/YSMtbcecct4rWtexrnSCHOPcpC2KTLXfTCR6vDpnSiY12heNb1GiN/wu+T/FyA=="],

    "@typescript/typescript-openbsd-arm64": ["@typescript/typescript-openbsd-arm64@7.0.2", "", { "os": "openbsd", "cpu": "arm64" }, "sha512-APT8+ClYnuYm1u9+kgGXoMj2VzWzcymwh2gNSQVySHfkRDGOTVkoWLjCmOQSaO+PoqQ57B0flRp9SA+7GnnkzQ=="],

    "@typescript/typescript-openbsd-x64": ["@typescript/typescript-openbsd-x64@7.0.2", "", { "os": "openbsd", "cpu": "x64" }, "sha512-yX7s+Q0Dln0Dt9tEzZsAjXXR/+ytBM7AlglaqyeMPxQszJ1JhlJdZ6jLA+IzldHtflX81em7lDao1xXu+aRRkg=="],

    "@typescript/typescript-sunos-x64": ["@typescript/typescript-sunos-x64@7.0.2", "", { "os": "sunos", "cpu": "x64" }, "sha512-dLJDGaLZ1D4HPQn62u1n8mBDkJREwMsAkCdkwd4Ieqw+x3TUyTsqY0YiBCtE6H6OzzgGk3iuZ3vFWRS+E8/d1g=="],

    "@typescript/typescript-win32-arm64": ["@typescript/typescript-win32-arm64@7.0.2", "", { "os": "win32", "cpu": "arm64" }, "sha512-Gyl1Vy6OsWesLzmq+EP0Fb7b4Nid5232AvcA2SFcdYreldpNtYFFofPjnt62y9hQy7VTaZp65ICJjuAQRaVcIQ=="],

    "@typescript/typescript-win32-x64": ["@typescript/typescript-win32-x64@7.0.2", "", { "os": "win32", "cpu": "x64" }, "sha512-0BQ3HkAHHlKLSp1qRvf3SUhGpGsDuhB/jgFw75guyqbxJqEaS0Cw/VFO8i2nHglJUzQCRtMMR/IBAKE3ETMC4g=="],

    "ajv": ["ajv@8.20.0", "", { "dependencies": { "fast-deep-equal": "^3.1.3", "fast-uri": "^3.0.1", "json-schema-traverse": "^1.0.0", "require-from-string": "^2.0.2" } }, "sha512-Thbli+OlOj+iMPYFBVBfJ3OmCAnaSyNn4M1vz9T6Gka5Jt9ba/HIR56joy65tY6kx/FCF5VXNB819Y7/GUrBGA=="],

    "ajv-formats": ["ajv-formats@3.0.1", "", { "dependencies": { "ajv": "^8.0.0" } }, "sha512-8iUql50EUR+uUcdRQ3HDqa6EVyo3docL8g5WJ3FNcWmu62IbkGUue/pEyLBW8VGKKucTPgqeks4fIU1DA4yowQ=="],

    "ansi-regex": ["ansi-regex@6.3.0", "", {}, "sha512-WpDfL7NO6j7tH88IDBNVdUJxDh9nmCteAVW9dsep846XdwF4naCBK+/tGLX3KJgcpgMRXCFlTM2hKGoK9FsdrQ=="],

    "ansi-styles": ["ansi-styles@4.3.0", "", { "dependencies": { "color-convert": "^2.0.1" } }, "sha512-zbB9rCJAT1rbjiVDb2hqKFHNYLxgtk8NURxZ3IZwD3F6NtxbXZQCnnSi1Lkx+IDohdPlFp222wVALIheZJQSEg=="],

    "argparse": ["argparse@2.0.1", "", {}, "sha512-8+9WqebbFzpX9OR+Wa6O29asIogeRMzcGtAINdpMHHyAg10f05aSFVBbcEqGf/PXw1EjAZ+q2/bEBg3DvurK3Q=="],

    "asynckit": ["asynckit@0.4.0", "", {}, "sha512-Oei9OH4tRh0YqU3GxhX79dM/mwVgvbZJaSNaRk+bshkj0S5cfHcgYakreBjrHwatXKbz+IoIdYLxrKim2MjW0Q=="],

    "aws4": ["aws4@1.13.2", "", {}, "sha512-lHe62zvbTB5eEABUVi/AwVh0ZKY9rMMDhmm+eeyuuUQbQ3+J+fONVQOZyj+DdrvD4BY33uYniyRJ4UJIaSKAfw=="],

    "bun-ffi-structs": ["bun-ffi-structs@0.3.1", "", { "peerDependencies": { "typescript": "^5" } }, "sha512-3gM7PpVWLyrwxWjcilSiGuhWanhZivvo6l0u573NziPH6f/gwk6McbaYgn7oJWov6pKGRTDbrg94W5DcJsKTtQ=="],

    "bun-types": ["bun-types@1.4.2", "", { "dependencies": { "@types/node": "*" } }, "sha512-bxV1FgK7yBIzjRe5zBozIM4Bem11ZJcCXSrjWRG3YWLt8yFDePu4cLjpebO8OvPeIE9trbyPF4fuj3Cia4Fj3w=="],

    "call-bind-apply-helpers": ["call-bind-apply-helpers@1.0.2", "", { "dependencies": { "es-errors": "^1.3.0", "function-bind": "^1.1.2" } }, "sha512-Sp1ablJ0ivDkSzjcaJdxEunN5/XvksFJ2sMBFfq6x0ryhQV/2b/KwFe21cMpmHtPOSij8K99/wSfoEuTObmuMQ=="],

    "chalk": ["chalk@4.1.2", "", { "dependencies": { "ansi-styles": "^4.1.0", "supports-color": "^7.1.0" } }, "sha512-oKnbhFyRIXpUuez8iBMmyEa4nbj4IOQyuhc/wy9kY7/WVPcwIO9VA668Pu8RkO7+0G76SLROeyw9CpQ061i4mA=="],

    "charset": ["charset@1.0.1", "", {}, "sha512-6dVyOOYjpfFcL1Y4qChrAoQLRHvj2ziyhcm0QJlhOcAhykL/k1kTUPbeo+87MNRTRdk2OIIsIXbuF3x2wi5EXg=="],

    "citty": ["citty@0.2.2", "", {}, "sha512-+6vJA3L98yv+IdfKGZHBNiGW5KHn22e/JwID0Strsz8h4S/csAu/OuICwxrg44k5MRiZHWIo8XXuJgQTriRP4w=="],

    "cliui": ["cliui@8.0.1", "", { "dependencies": { "string-width": "^4.2.0", "strip-ansi": "^6.0.1", "wrap-ansi": "^7.0.0" } }, "sha512-BSeNnyus75C4//NQ9gQt1/csTXyo/8Sb+afLAkzAptFuMsod9HFokGNudZpi/oQV73hnVK+sR+5PVRMd+Dr7YQ=="],

    "color-convert": ["color-convert@2.0.1", "", { "dependencies": { "color-name": "~1.1.4" } }, "sha512-RRECPsj7iu/xb5oKYcsFHSppFNnsj/52OVTRKb4zP5onXwVF3zVmmToNcOfGC+CRDpfK/U584fMg38ZHCaElKQ=="],

    "color-name": ["color-name@1.1.4", "", {}, "sha512-dOy+3AuW3a2wNbZHIuMZpTcgjGuLU/uBL/ubcZF9OXbDo8ff4O8yVp5Bf0efS8uEoYo5q4Fx7dY9OgQGXgAsQA=="],

    "combined-stream": ["combined-stream@1.0.8", "", { "dependencies": { "delayed-stream": "~1.0.0" } }, "sha512-FQN4MRfuJeHf7cBbBMJFXhKSDq+2kAArBlmRBvcvFE5BB1HZKXtSFASDhdlz9zOYwxh8lDdnvmMOe/+5cdoEdg=="],

    "csstype": ["csstype@3.2.3", "", {}, "sha512-z1HGKcYy2xA8AGQfwrn0PAy+PB7X/GSj3UVJW9qKyn43xWa+gl5nXmU4qqLMRzWVLFC8KusUX8T/0kCiOYpAIQ=="],

    "csv-parse": ["csv-parse@7.0.2", "", {}, "sha512-uKZghv9UmPkMVLYy//KZ9HFAIJsl7wkhoEdIL0+rhuSY9pZQlhaeGEDPIe+/w7eh81MOql8Q/9+inAGWG6ZHYA=="],

    "delayed-stream": ["delayed-stream@1.0.0", "", {}, "sha512-ZySD7Nf91aLB0RxL4KGrKHBXl7Eds1DAmEdcoVawXnLD7SDhpNgtuII2aAkg7a7QS41jxPSZ17p4VdGnMHk3MQ=="],

    "diff": ["diff@9.0.0", "", {}, "sha512-svtcdpS8CgJyqAjEQIXdb3OjhFVVYjzGAPO8WGCmRbrml64SPw/jJD4GoE98aR7r25A0XcgrK3F02yw9R/vhQw=="],

    "dunder-proto": ["dunder-proto@1.0.1", "", { "dependencies": { "call-bind-apply-helpers": "^1.0.1", "es-errors": "^1.3.0", "gopd": "^1.2.0" } }, "sha512-KIN/nDJBQRcXw0MLVhZE9iQHmG68qAVIBg9CqmUYjmQIhgij9U5MFvrqkUL5FbtyyzZuOeOt0zdeRe4UY7ct+A=="],

    "duplexer": ["duplexer@0.1.2", "", {}, "sha512-jtD6YG370ZCIi/9GTaJKQxWTZD045+4R4hTk/x1UyoqadyJ9x9CgSi1RlVDQF8U2sxLLSnFkCaMihqljHIWgMg=="],

    "emoji-regex": ["emoji-regex@10.6.0", "", {}, "sha512-toUI84YS5YmxW219erniWD0CIVOo46xGKColeNQRgOzDorgBi1v4D71/OFzgD9GO2UGKIv1C3Sp8DAn0+j5w7A=="],

    "es-define-property": ["es-define-property@1.0.1", "", {}, "sha512-e3nRfgfUZ4rNGL232gUgX06QNyyez04KdjFrF+LTRoOXmrOgFKDg4BCdsjW8EnT69eqdYGmRpJwiPVYNrCaW3g=="],

    "es-errors": ["es-errors@1.3.0", "", {}, "sha512-Zf5H2Kxt2xjTvbJvP2ZWLEICxA6j+hAmMzIlypy4xcBg1vKVnx89Wy0GbS+kf5cwCVFFzdCFh2XSCFNULS6csw=="],

    "es-object-atoms": ["es-object-atoms@1.1.2", "", { "dependencies": { "es-errors": "^1.3.0" } }, "sha512-HWcBoN6NileqtSydK2FqHbS/LoDd2pqrnQHLyJzBj4kOp/ky2MWMN694xOfkK8/SnUsW2DH7EfyVlydKCsm1Zw=="],

    "es-set-tostringtag": ["es-set-tostringtag@2.1.0", "", { "dependencies": { "es-errors": "^1.3.0", "get-intrinsic": "^1.2.6", "has-tostringtag": "^1.0.2", "hasown": "^2.0.2" } }, "sha512-j6vWzfrGVfyXxge+O0x5sh6cvxAog0a/4Rdd2K36zCMV5eJ+/+tOAngRO8cODMNWbVRdVlmGZQL2YS3yR8bIUA=="],

    "escalade": ["escalade@3.2.0", "", {}, "sha512-WUj2qlxaQtO4g6Pq5c29GTcWGDyd8itL8zTlipgECz3JesAiiOKotd8JU6otB3PACgG6xkJUyVhboMS+bje/jA=="],

    "event-stream": ["event-stream@4.0.1", "", { "dependencies": { "duplexer": "^0.1.1", "from": "^0.1.7", "map-stream": "0.0.7", "pause-stream": "^0.0.11", "split": "^1.0.1", "stream-combiner": "^0.2.2", "through": "^2.3.8" } }, "sha512-qACXdu/9VHPBzcyhdOWR5/IahhGMf0roTeZJfzz077GwylcDd90yOHLouhmv7GJ5XzPi6ekaQWd8AvPP2nOvpA=="],

    "fast-deep-equal": ["fast-deep-equal@3.1.3", "", {}, "sha512-f3qQ9oQy9j2AhBe/H9VC91wLmKBCCU/gDOnKNAYG5hswO7BLKj09Hc5HYNz9cGI++xlpDCIgDaitVs03ATR84Q=="],

    "fast-uri": ["fast-uri@3.1.8", "", {}, "sha512-GZMtZUTNRpOVIECoXwLNZS5xUGE+mVNbTB8h/7Rwh2TFWcBQiPzTgyZi05BF9UMZKkLJv8XBRJTlU7zg8+ZfMg=="],

    "file-type": ["file-type@3.9.0", "", {}, "sha512-RLoqTXE8/vPmMuTI88DAzhMYC99I8BWv7zYP4A1puo5HIjEJ5EX48ighy4ZyKMG9EDXxBgW6e++cn7d1xuFghA=="],

    "form-data": ["form-data@4.0.6", "", { "dependencies": { "asynckit": "^0.4.0", "combined-stream": "^1.0.8", "es-set-tostringtag": "^2.1.0", "hasown": "^2.0.4", "mime-types": "^2.1.35" } }, "sha512-vKatAh4SlVfgbv+YtmhiRjhEMJsYpsG1Y2rMQtR+SVSbytsSD1YGzDIcrAJmdFec88u/+VoGmxnl+80gL1tRCQ=="],

    "from": ["from@0.1.7", "", {}, "sha512-twe20eF1OxVxp/ML/kq2p1uc6KvFK/+vs8WjEbeKmV2He22MKm7YF2ANIt+EOqhJ5L3K/SuuPhk0hWQDjOM23g=="],

    "function-bind": ["function-bind@1.1.2", "", {}, "sha512-7XHNxH7qX9xG5mIwxkhumTox/MIRNcOgDrxWsMt2pAr23WHp6MrRlN7FBSFpCpr+oVO0F744iUgR82nJMfG2SA=="],

    "get-caller-file": ["get-caller-file@2.0.5", "", {}, "sha512-DyFP3BM/3YHTQOCUL/w0OZHR0lpKeGrxotcHWcqNEdnltqFwXVfhEBQ94eIo34AfQpo0rGki4cyIiftY06h2Fg=="],

    "get-east-asian-width": ["get-east-asian-width@1.7.0", "", {}, "sha512-XjH1AECxf0giL2V1aU8vKyRR2ppRUb5c0EvT7zuJTokQ74bNo52zOtghqdWIqrhUD79fo3x0WfKZdOqxF6LG1Q=="],

    "get-intrinsic": ["get-intrinsic@1.3.0", "", { "dependencies": { "call-bind-apply-helpers": "^1.0.2", "es-define-property": "^1.0.1", "es-errors": "^1.3.0", "es-object-atoms": "^1.1.1", "function-bind": "^1.1.2", "get-proto": "^1.0.1", "gopd": "^1.2.0", "has-symbols": "^1.1.0", "hasown": "^2.0.2", "math-intrinsics": "^1.1.0" } }, "sha512-9fSjSaos/fRIVIp+xSJlE6lfwhES7LNtKaCBIamHsjr2na1BiABJPo0mOjjz8GJDURarmCPGqaiVg5mfjb98CQ=="],

    "get-own-enumerable-property-symbols": ["get-own-enumerable-property-symbols@3.0.2", "", {}, "sha512-I0UBV/XOz1XkIJHEUDMZAbzCThU/H8DxmSfmdGcKPnVhu2VfFqr34jr9777IyaTYvxjedWhqVIilEDsCdP5G6g=="],

    "get-proto": ["get-proto@1.0.1", "", { "dependencies": { "dunder-proto": "^1.0.1", "es-object-atoms": "^1.0.0" } }, "sha512-sTSfBjoXBp89JvIKIefqw7U2CCebsc74kiY6awiGogKtoSGbgjYE/G/+l9sF3MWFPNc9IcoOC4ODfKHfxFmp0g=="],

    "gopd": ["gopd@1.2.0", "", {}, "sha512-ZUKRh6/kUFoAiTAtTYPZJ3hw9wNxx+BIBOijnlG9PnrJsCcSjs1wyyD6vJpaYtgnzDrKYRSqf3OO6Rfa93xsRg=="],

    "har-validator-compiled": ["har-validator-compiled@1.0.0", "", {}, "sha512-dher7nFSx+Ef6OoqVveLClh8itAR3vd8Qx70Lh/hEgP1iGeARAolbci7Y8JBrHIYgFCT6xRdvvL16AR9Zh07Dw=="],

    "has-flag": ["has-flag@4.0.0", "", {}, "sha512-EykJT/Q1KjTWctppgIAgfSO0tKVuZUjhgMr17kqTumMl6Afv3EISleU7qZUzoXDFTAHTDC4NOoG/ZxU3EvlMPQ=="],

    "has-symbols": ["has-symbols@1.1.0", "", {}, "sha512-1cDNdwJ2Jaohmb3sg4OmKaMBwuC48sYni5HUw2DvsC8LjGTLK9h+eb1X6RyuOHe4hT0ULCW68iomhjUoKUqlPQ=="],

    "has-tostringtag": ["has-tostringtag@1.0.2", "", { "dependencies": { "has-symbols": "^1.0.3" } }, "sha512-NqADB8VjPFLM2V0VvHUewwwsw0ZWBaIdgo+ieHtK3hasLz4qeCRjYcqfB6AQrBggRKppKF8L52/VqdVsO47Dlw=="],

    "hasown": ["hasown@2.0.4", "", { "dependencies": { "function-bind": "^1.1.2" } }, "sha512-T2UbfbBEF32wiepXIsMlTW9+dDYC6wMh/t/vYA4tuOMKqWz/n3vr1NFSxQiyP+zk2mXsoMA/i/7qV6LKut1t1A=="],

    "http-reasons": ["http-reasons@0.1.0", "", {}, "sha512-P6kYh0lKZ+y29T2Gqz+RlC9WBLhKe8kDmcJ+A+611jFfxdPsbMRQ5aNmFRM3lENqFkK+HTTL+tlQviAiv0AbLQ=="],

    "httpsnippet": ["httpsnippet@3.0.10", "", { "dependencies": { "chalk": "^4.1.2", "event-stream": "4.0.1", "form-data": "4.0.4", "har-validator-compiled": "^1.0.0", "stringify-object": "3.3.0", "yargs": "^17.4.0" }, "bin": { "httpsnippet": "bin/httpsnippet" } }, "sha512-1P102HsVslaT3IVfuUfVwxenfbogFiihqosnaKUScd/sON1omdZZCWdmzm6baRz4u1Va0CTI/7svLckCu9iNBw=="],

    "husky": ["husky@9.1.7", "", { "bin": { "husky": "bin.js" } }, "sha512-5gs5ytaNjBrh5Ow3zrvdUUY+0VxIuWVL4i9irt6friV+BqdCfmV11CQTWMiBYWHbXhco+J1kHfTOUkePhCDvMA=="],

    "iconv-lite": ["iconv-lite@0.6.3", "", { "dependencies": { "safer-buffer": ">= 2.1.2 < 3.0.0" } }, "sha512-4fCk79wshMdzMp2rH06qWrJE4iolqLhCUH+OiuIgU++RB0+94NlDL81atO7GX55uUKueo0txHNtvEyI6D7WdMw=="],

    "is-fullwidth-code-point": ["is-fullwidth-code-point@3.0.0", "", {}, "sha512-zymm5+u+sCsSWyD9qNaejV3DFvhCKclKdizYaJUuHA83RLjb7nSuGnddCHGv0hk+KY7BMAlsWeK4Ueg6EV6XQg=="],

    "is-obj": ["is-obj@1.0.1", "", {}, "sha512-l4RyHgRqGN4Y3+9JHVrNqO+tN0rV5My76uW5/nuO4K1b6vw5G8d/cmFjP9tRfEsdhZNt0IFdZuK/c2Vr4Nb+Qg=="],

    "is-regexp": ["is-regexp@1.0.0", "", {}, "sha512-7zjFAPO4/gwyQAAgRRmqeEeyIICSdmCqa3tsVHMdBzaXXRiqopZL4Cyghg/XulGWrtABTpbnYYzzIRffLkP4oA=="],

    "jose": ["jose@6.2.12", "", {}, "sha512-9NiFmJEex0sy2Dk58j2UGBSHgUs2ypF9eZSu4L6vjOX3Dp96Sw1F3uL+H+D1sx02jZZdzUT0HgvCy59CuvXcWw=="],

    "js-yaml": ["js-yaml@5.4.2", "", { "dependencies": { "argparse": "^2.0.1" }, "bin": { "js-yaml": "bin/js-yaml.mjs" } }, "sha512-m+aqu+LwO1O6sIopafj8HUVl5aawITwZQe/yHpMCKjaWBaA/d07B/QdMb3529REftiU+RMMHL3Vlsw3hON7vWg=="],

    "jsep": ["jsep@1.4.0", "", {}, "sha512-B7qPcEVE3NVkmSJbaYxvv4cHkVW7DQsZz13pUMrfS8z8Q/BuShN+gcTXrUlPiGqM2/t/EEaI030bpxMqY8gMlw=="],

    "json-schema-traverse": ["json-schema-traverse@1.0.0", "", {}, "sha512-NM8/P9n3XjXhIZn1lLhkFaACTOURQXjWhV4BA/RnOv8xvgqtqpAX9IO4mRQxSx1Rlo4tqzeqb0sOlruaOy3dug=="],

    "jsonc-parser": ["jsonc-parser@3.3.1", "", {}, "sha512-HUgH65KyejrUFPvHFPbqOY0rsFip3Bo5wb4ngvdi1EpCYWUQDC5V+Y7mZws+DLkr4M//zQJoanu1SP+87Dv1oQ=="],

    "jsonpath-plus": ["jsonpath-plus@10.4.0", "", { "dependencies": { "@jsep-plugin/assignment": "^1.3.0", "@jsep-plugin/regex": "^1.0.4", "jsep": "^1.4.0" }, "bin": { "jsonpath": "bin/jsonpath-cli.js", "jsonpath-plus": "bin/jsonpath-cli.js" } }, "sha512-T92WWatJXmhBbKsgH/0hl+jxjdXrifi5IKeMY02DWggRxX0UElcbVzPlmgLTbvsPeW1PasQ6xE2Q75stkhGbsA=="],

    "lint-staged": ["lint-staged@17.5.1", "", { "dependencies": { "picomatch": "^4.0.7", "string-argv": "^0.3.2", "tinyexec": "^1.3.1" }, "optionalDependencies": { "yaml": "^2.9.0" }, "bin": { "lint-staged": "bin/lint-staged.js" } }, "sha512-7EDuco1xnBMeVpvAbeMq1U5KXwJGLmY8q6l+Ye78r36C4mPc+Vg1Z2SK8gHyRTyvPro90A0q5/FAZ+Au23d6QQ=="],

    "liquid-json": ["liquid-json@0.3.1", "", {}, "sha512-wUayTU8MS827Dam6MxgD72Ui+KOSF+u/eIqpatOtjnvgJ0+mnDq33uC2M7J0tPK+upe/DpUAuK4JUU89iBoNKQ=="],

    "lodash": ["lodash@4.18.1", "", {}, "sha512-dMInicTPVE8d1e5otfwmmjlxkZoUpiVLwyeTdUsi/Caj/gfzzblBcCE5sRHV/AsjuCmxWrte2TNGSYuCeCq+0Q=="],

    "map-stream": ["map-stream@0.0.7", "", {}, "sha512-C0X0KQmGm3N2ftbTGBhSyuydQ+vV1LC3f3zPvT3RXHXNZrvfPZcoXp/N5DOa8vedX/rTMm2CjTtivFg2STJMRQ=="],

    "marked": ["marked@17.0.1", "", { "bin": { "marked": "bin/marked.js" } }, "sha512-boeBdiS0ghpWcSwoNm/jJBwdpFaMnZWRzjA6SkUMYb40SVaN1x7mmfGKp0jvexGcx+7y2La5zRZsYFZI6Qpypg=="],

    "math-intrinsics": ["math-intrinsics@1.1.0", "", {}, "sha512-/IXtbwEk5HTPyEwyKX6hGkYXxM9nbj64B+ilVJnC/R6B0pH5G4V3b0pVbL7DBj4tkhBAppbQUlf6F6Xl9LHu1g=="],

    "mime": ["mime@3.0.0", "", { "bin": { "mime": "cli.js" } }, "sha512-jSCU7/VB1loIWBZe14aEYHU/+1UMEHoaO7qxCOVJOw9GgH72VAWppxNcjU+x9a2k3GSIBXNKxXQFqRvvZ7vr3A=="],

    "mime-db": ["mime-db@1.52.0", "", {}, "sha512-sPU4uV7dYlvtWJxwwxHD0PuihVNiE7TyAbQ5SWxDCB9mUYvOgroQOwYQQOKPJ8CIbE+1ETVlOoK1UC2nU3gYvg=="],

    "mime-format": ["mime-format@2.0.2", "", { "dependencies": { "charset": "^1.0.0" } }, "sha512-Y5ERWVcyh3sby9Fx2U5F1yatiTFjNsqF5NltihTWI9QgNtr5o3dbCZdcKa1l2wyfhnwwoP9HGNxga7LqZLA6gw=="],

    "mime-types": ["mime-types@2.1.35", "", { "dependencies": { "mime-db": "1.52.0" } }, "sha512-ZDY+bPm5zTTF+YpCrAU9nK0UgICYPT0QtT1NZWFv4s++TNkcgVaT0g6+4R2uI4MjQjzysHB1zxuWL50hzaeXiw=="],

    "oauth-1.0a": ["oauth-1.0a@2.2.6", "", {}, "sha512-6bkxv3N4Gu5lty4viIcIAnq5GbxECviMBeKR3WX/q87SPQ8E8aursPZUtsXDnxCs787af09WPRBLqYrf/lwoYQ=="],

    "oxfmt": ["oxfmt@0.68.0", "", { "dependencies": { "tinypool": "2.1.2" }, "optionalDependencies": { "@oxfmt/binding-android-arm-eabi": "0.68.0", "@oxfmt/binding-android-arm64": "0.68.0", "@oxfmt/binding-darwin-arm64": "0.68.0", "@oxfmt/binding-darwin-x64": "0.68.0", "@oxfmt/binding-freebsd-x64": "0.68.0", "@oxfmt/binding-linux-arm-gnueabihf": "0.68.0", "@oxfmt/binding-linux-arm-musleabihf": "0.68.0", "@oxfmt/binding-linux-arm64-gnu": "0.68.0", "@oxfmt/binding-linux-arm64-musl": "0.68.0", "@oxfmt/binding-linux-ppc64-gnu": "0.68.0", "@oxfmt/binding-linux-riscv64-gnu": "0.68.0", "@oxfmt/binding-linux-riscv64-musl": "0.68.0", "@oxfmt/binding-linux-s390x-gnu": "0.68.0", "@oxfmt/binding-linux-x64-gnu": "0.68.0", "@oxfmt/binding-linux-x64-musl": "0.68.0", "@oxfmt/binding-openharmony-arm64": "0.68.0", "@oxfmt/binding-win32-arm64-msvc": "0.68.0", "@oxfmt/binding-win32-ia32-msvc": "0.68.0", "@oxfmt/binding-win32-x64-msvc": "0.68.0" }, "peerDependencies": { "svelte": "^5.0.0", "vite-plus": "*" }, "optionalPeers": ["svelte", "vite-plus"], "bin": { "oxfmt": "bin/oxfmt" } }, "sha512-Z0XMofcXCGUXbcpBHnWyUiX93BGiw1B+lcHNbQDWEtOhX06ewoFfu4zXkyiLhRrNnMq0twqXRHUcJetf+GsiQQ=="],

    "oxlint": ["oxlint@1.85.0", "", { "optionalDependencies": { "@oxlint/binding-android-arm-eabi": "1.85.0", "@oxlint/binding-android-arm64": "1.85.0", "@oxlint/binding-darwin-arm64": "1.85.0", "@oxlint/binding-darwin-x64": "1.85.0", "@oxlint/binding-freebsd-x64": "1.85.0", "@oxlint/binding-linux-arm-gnueabihf": "1.85.0", "@oxlint/binding-linux-arm-musleabihf": "1.85.0", "@oxlint/binding-linux-arm64-gnu": "1.85.0", "@oxlint/binding-linux-arm64-musl": "1.85.0", "@oxlint/binding-linux-ppc64-gnu": "1.85.0", "@oxlint/binding-linux-riscv64-gnu": "1.85.0", "@oxlint/binding-linux-riscv64-musl": "1.85.0", "@oxlint/binding-linux-s390x-gnu": "1.85.0", "@oxlint/binding-linux-x64-gnu": "1.85.0", "@oxlint/binding-linux-x64-musl": "1.85.0", "@oxlint/binding-openharmony-arm64": "1.85.0", "@oxlint/binding-win32-arm64-msvc": "1.85.0", "@oxlint/binding-win32-ia32-msvc": "1.85.0", "@oxlint/binding-win32-x64-msvc": "1.85.0" }, "peerDependencies": { "oxlint-tsgolint": ">=7.0.2001", "vite-plus": "*" }, "optionalPeers": ["oxlint-tsgolint", "vite-plus"], "bin": { "oxlint": "bin/oxlint" } }, "sha512-bc26s97nuvPj1ViyPsqmKecVkUWFMEdtayO8MaQ6oiLfs1pj94cQlZZhrh4BPNlr9HQosjhIlwgZKsfcwmcNgg=="],

    "pause-stream": ["pause-stream@0.0.11", "", { "dependencies": { "through": "~2.3" } }, "sha512-e3FBlXLmN/D1S+zHzanP4E/4Z60oFAa3O051qt1pxa7DEJWKAyil6upYVXCWadEnuoqa4Pkc9oUx9zsxYeRv8A=="],

    "picomatch": ["picomatch@4.0.7", "", {}, "sha512-qcJu88Q2IWqJsDD529JKMdwGm/dvInW4HvQnRwiH9JtihJvzGOscDtHE3x1pBKeUOTysQ8kVmLnJ2kJu7yhcGA=="],

    "postman-collection": ["postman-collection@5.3.1", "", { "dependencies": { "@faker-js/faker": "5.5.3", "file-type": "3.9.0", "http-reasons": "0.1.0", "iconv-lite": "0.6.3", "liquid-json": "0.3.1", "lodash": "4.18.1", "mime": "3.0.0", "mime-format": "2.0.2", "postman-url-encoder": "3.0.8", "semver": "7.7.1", "uuid": "8.3.2" } }, "sha512-+ixY4KEGerw3I5dE6obXgXx31na8URU5ODNIA6Rjkbt3/BUpNRk03pxUAZFHr5dDXwCikJSa7pt5o0x1QXT77w=="],

    "postman-url-encoder": ["postman-url-encoder@3.0.8", "", { "dependencies": { "punycode": "^2.3.1" } }, "sha512-EOgUMBazo7JNP4TDrd64TsooCiWzzo4143Ws8E8WYGEpn2PKpq+S4XRTDhuRTYHm3VKOpUZs7ZYZq7zSDuesqA=="],

    "punycode": ["punycode@2.3.1", "", {}, "sha512-vYt7UD1U9Wg6138shLtLOvdAu+8DsC/ilFtEVHcH+wydcSpNE20AfSOduf6MkRFahL5FY7X1oU7nKVZFtfq8Fg=="],

    "quickjs-emscripten-core": ["quickjs-emscripten-core@0.32.0", "", { "dependencies": { "@jitl/quickjs-ffi-types": "0.32.0" } }, "sha512-QFnPfjFey8EqknSrSxe1hZrf1/8z7/6s1QzGOmKo6++02r7QRRX7ZoyNaZh7JuVjWsVW87KnQrbZqnHkOAzUyg=="],

    "react": ["react@19.3.0", "", {}, "sha512-E8LUcbtBWt20bbl2YoHfx4ZDBdxVTfOKtCZn9cDSJ4l6/nuoApcpIBcj47t2wZoVX8g2ZHuMHbiShgCR1T5Sog=="],

    "react-devtools-core": ["react-devtools-core@7.0.1", "", { "dependencies": { "shell-quote": "^1.6.1", "ws": "^7" } }, "sha512-C3yNvRHaizlpiASzy7b9vbnBGLrhvdhl1CbdU6EnZgxPNbai60szdLtl+VL76UNOt5bOoVTOz5rNWZxgGt+Gsw=="],

    "react-reconciler": ["react-reconciler@0.33.0", "", { "dependencies": { "scheduler": "^0.27.0" }, "peerDependencies": { "react": "^19.2.0" } }, "sha512-KetWRytFv1epdpJc3J4G75I4WrplZE5jOL7Yq0p34+OVOKF4Se7WrdIdVC45XsSSmUTlht2FM/fM1FZb1mfQeA=="],

    "require-directory": ["require-directory@2.1.1", "", {}, "sha512-fGxEI7+wsG9xrvdjsrlmL22OMTTiHRwAMroiEeMgq8gzoLC/PQr7RsRDSTLUg/bZAZtF+TVIkHc6/4RIKrui+Q=="],

    "require-from-string": ["require-from-string@2.0.2", "", {}, "sha512-Xf0nWe6RseziFMu+Ap9biiUbmplq6S9/p+7w7YXP/JBHhrUDDUhwa+vANyubuqfZWTveU//DYVGsDG7RKL/vEw=="],

    "safer-buffer": ["safer-buffer@2.1.2", "", {}, "sha512-YZo3K82SD7Riyi0E1EQPojLz7kpepnSQI9IyPbHHg1XXXevb5dJI7tpyN2ADxGcQbHG7vcyRHk0cbwqcQriUtg=="],

    "sax": ["sax@1.6.1", "", {}, "sha512-42tBVwLWnaQvW5zc4HbZrTuWccECCZfBi92FDuwtqxasH+JbPB3/FOKb1m222K42R4WxuxzzMsTswfzgtSu64Q=="],

    "scheduler": ["scheduler@0.27.0", "", {}, "sha512-eNv+WrVbKu1f3vbYJT/xtiF5syA5HPIMtf9IgY/nKg0sWqzAUEvqY/xm7OcZc/qafLx/iO9FgOmeSAp4v5ti/Q=="],

    "semver": ["semver@7.7.1", "", { "bin": { "semver": "bin/semver.js" } }, "sha512-hlq8tAfn0m/61p4BVRcPzIGr6LKiMwo4VM6dGi6pt4qcRkmNzTcWq6eCEjEh+qXjkMDvPlOFFSGwQjoEa6gyMA=="],

    "shell-quote": ["shell-quote@1.10.0", "", {}, "sha512-w1aiOKwKuRgtwAReIIj89puqg+I7GvX4IbLrvmhXbzQsj1+Zwi4VO3+fa6ZF91TWSjIxoEkKnMeHcLEODK5ZXA=="],

    "split": ["split@1.0.1", "", { "dependencies": { "through": "2" } }, "sha512-mTyOoPbrivtXnwnIxZRFYRrPNtEFKlpB2fvjSnCQUiAA6qAZzqwna5envK4uk6OIeP17CsdF3rSBGYVBsU0Tkg=="],

    "stream-combiner": ["stream-combiner@0.2.2", "", { "dependencies": { "duplexer": "~0.1.1", "through": "~2.3.4" } }, "sha512-6yHMqgLYDzQDcAkL+tjJDC5nSNuNIx0vZtRZeiPh7Saef7VHX9H5Ijn9l2VIol2zaNYlYEX6KyuT/237A58qEQ=="],

    "string-argv": ["string-argv@0.3.2", "", {}, "sha512-aqD2Q0144Z+/RqG52NeHEkZauTAUWJO8c6yTftGJKO3Tja5tUgIfmIl6kExvhtxSDP7fXB6DvzkfMpCd/F3G+Q=="],

    "string-width": ["string-width@7.2.0", "", { "dependencies": { "emoji-regex": "^10.3.0", "get-east-asian-width": "^1.0.0", "strip-ansi": "^7.1.0" } }, "sha512-tsaTIkKW9b4N+AEj+SVA+WhJzV7/zMhcSu78mLKWSk7cXMOSHsBKFWUs0fWwq8QyK3MgJBQRX6Gbi4kYbdvGkQ=="],

    "stringify-object": ["stringify-object@3.3.0", "", { "dependencies": { "get-own-enumerable-property-symbols": "^3.0.0", "is-obj": "^1.0.1", "is-regexp": "^1.0.0" } }, "sha512-rHqiFh1elqCQ9WPLIC8I0Q/g/wj5J1eMkyoiD6eoQApWHP0FtlK7rqnhmabL5VUY9JQCcqwwvlOaSuutekgyrw=="],

    "strip-ansi": ["strip-ansi@7.1.2", "", { "dependencies": { "ansi-regex": "^6.0.1" } }, "sha512-gmBGslpoQJtgnMAvOVqGZpEz9dyoKTCzy2nfz/n8aIFhN/jCE/rCmcxabB6jOOHV+0WNnylOxaxBQPSvcWklhA=="],

    "supports-color": ["supports-color@7.2.0", "", { "dependencies": { "has-flag": "^4.0.0" } }, "sha512-qpCAvRl9stuOHveKsn7HncJRvv501qIacKzQlO/+Lwxc9+0q2wLyv4Dfvt80/DPn2pqOBsJdDiogXGR9+OvwRw=="],

    "through": ["through@2.3.8", "", {}, "sha512-w89qg7PI8wAdvX60bMDP+bFoD5Dvhm9oLheFp5O4a2QF0cSBGsBX4qZmadPMvVqlLJBBci+WqGGOAPvcDeNSVg=="],

    "tinyexec": ["tinyexec@1.3.1", "", {}, "sha512-GCvB3aoys96IuDFBMcTB46JOR6mdMtAToqwiW8JlWhsoh1mhHi/xn9ss/Dg7N555GiJyEt2qzoG/NHCwM6h1EA=="],

    "tinypool": ["tinypool@2.1.2", "", {}, "sha512-9YodfrxS9g9IbFr/KOjE5bAeJ0p61n3bW6mqvy0jtoeKd1kTW1Cxm0oulm6KX2lyM9Gl6WIe8nEbY7LWv5ZJww=="],

    "tldts": ["tldts@7.4.14", "", { "dependencies": { "tldts-core": "^7.4.14" }, "bin": { "tldts": "bin/cli.js" } }, "sha512-EahQoi+Q5oqmG3yxRHx+bwn36OaLbtw6jnTFcGjc8fcmktzTgk45xRnzAx8Ch87PFEiqRhoc3FWBmY+LBrvEGQ=="],

    "tldts-core": ["tldts-core@7.4.14", "", {}, "sha512-KYkjfJHnIC5t+Gy7hPrMHgJmWc/N9FfmS+fggRPSlpFckidpB9HD6OzPsSTkfDH+MpZgcu2tJPGgLfHl979N1Q=="],

    "tough-cookie": ["tough-cookie@6.0.2", "", { "dependencies": { "tldts": "^7.0.5" } }, "sha512-exgYmnmL/sJpR3upZfXG5PoatXQii55xAiXGXzY+sROLZ/Y+SLcp9PgJNI9Vz37HpQ74WvDcLT8eqm+kV3FzrA=="],

    "typescript": ["typescript@7.0.2", "", { "optionalDependencies": { "@typescript/typescript-aix-ppc64": "7.0.2", "@typescript/typescript-darwin-arm64": "7.0.2", "@typescript/typescript-darwin-x64": "7.0.2", "@typescript/typescript-freebsd-arm64": "7.0.2", "@typescript/typescript-freebsd-x64": "7.0.2", "@typescript/typescript-linux-arm": "7.0.2", "@typescript/typescript-linux-arm64": "7.0.2", "@typescript/typescript-linux-loong64": "7.0.2", "@typescript/typescript-linux-mips64el": "7.0.2", "@typescript/typescript-linux-ppc64": "7.0.2", "@typescript/typescript-linux-riscv64": "7.0.2", "@typescript/typescript-linux-s390x": "7.0.2", "@typescript/typescript-linux-x64": "7.0.2", "@typescript/typescript-netbsd-arm64": "7.0.2", "@typescript/typescript-netbsd-x64": "7.0.2", "@typescript/typescript-openbsd-arm64": "7.0.2", "@typescript/typescript-openbsd-x64": "7.0.2", "@typescript/typescript-sunos-x64": "7.0.2", "@typescript/typescript-win32-arm64": "7.0.2", "@typescript/typescript-win32-x64": "7.0.2" }, "bin": { "tsc": "bin/tsc" } }, "sha512-8FYau96o3NKOhbjKi/qNvG/W5jhzxkbdm5sj9AbZ/5T5sWqn3hJgLfGx27sRKZWTvyzCP8dLRBTf5tBTSRVUNA=="],

    "undici-types": ["undici-types@8.9.0", "", {}, "sha512-KTDyRTYX8sWmKXAikPHHSyc63CRPETMctyjKFupcC6OBLXT3xsN0e9aF7m+mIXutFWpUXuedtowG7iLOzp0kQg=="],

    "uuid": ["uuid@11.1.1", "", { "bin": { "uuid": "dist/esm/bin/uuid" } }, "sha512-vIYxrBCC/N/K+Js3qSN88go7kIfNPssr/hHCesKCQNAjmgvYS2oqr69kIufEG+O4+PfezOH4EbIeHCfFov8ZgQ=="],

    "web-tree-sitter": ["web-tree-sitter@0.25.10", "", { "peerDependencies": { "@types/emscripten": "^1.40.0" }, "optionalPeers": ["@types/emscripten"] }, "sha512-Y09sF44/13XvgVKgO2cNDw5rGk6s26MgoZPXLESvMXeefBf7i6/73eFurre0IsTW6E14Y0ArIzhUMmjoc7xyzA=="],

    "wrap-ansi": ["wrap-ansi@7.0.0", "", { "dependencies": { "ansi-styles": "^4.0.0", "string-width": "^4.1.0", "strip-ansi": "^6.0.0" } }, "sha512-YVGIj2kamLSTxw6NsZjoBxfSwsn0ycdesmc4p+Q21c5zPuZ1pl+NfxVdxPtdHvmNVOQ6XSYG4AUtyt/Fi7D16Q=="],

    "ws": ["ws@8.21.3", "", { "peerDependencies": { "bufferutil": "^4.0.1", "utf-8-validate": ">=5.0.2" }, "optionalPeers": ["bufferutil", "utf-8-validate"] }, "sha512-201TZ/kPWxoPr/OKWjquZR1SWKXcvxdH+e1xrx89b3YbmzLMFCLfnaG1HFIgWzJOEWZ7MvpK++odZufgYR50Rw=="],

    "y18n": ["y18n@5.0.8", "", {}, "sha512-0pfFzegeDWJHJIAmTLRP2DwHjdF5s7jo9tuztdQxAhINCdvS+3nGINqPd00AphqJR/0LhANUS6/+7SCb98YOfA=="],

    "yaml": ["yaml@2.9.1", "", { "bin": { "yaml": "bin.mjs" } }, "sha512-3NxN8+78OdzbT7C/WjGsyfPAtJaN3FNDsWxv7Y7mcDsT/oOmgW8BpyQQFFBnvZE3j9Y2Sdz1ULFLezL7Eb2yFw=="],

    "yargs": ["yargs@17.7.3", "", { "dependencies": { "cliui": "^8.0.1", "escalade": "^3.1.1", "get-caller-file": "^2.0.5", "require-directory": "^2.1.1", "string-width": "^4.2.3", "y18n": "^5.0.5", "yargs-parser": "^21.1.1" } }, "sha512-GZtjxm/J/4TSxuL3FNYjCmLktBTnIw/rVmKSIyKeYAZpmJB2ig9VauCC5xsa82GNKVKDAqpOn3KVzNt0zmrU0g=="],

    "yargs-parser": ["yargs-parser@21.1.1", "", {}, "sha512-tVpsJW7DdjecAiFpbIB1e3qxIQsE6NoPc5/eTdrbbIC4h0LVsWhnoa3g+m2HclBIujHzsxZ4VJVA+GUuc2/LBw=="],

    "@opentui/react/@opentui/core": ["@opentui/core@0.5.12", "", { "dependencies": { "bun-ffi-structs": "0.3.1", "diff": "9.0.0", "marked": "17.0.1", "string-width": "7.2.0", "strip-ansi": "7.1.2" }, "optionalDependencies": { "@opentui/core-darwin-arm64": "0.5.12", "@opentui/core-darwin-x64": "0.5.12", "@opentui/core-linux-arm64": "0.5.12", "@opentui/core-linux-arm64-musl": "0.5.12", "@opentui/core-linux-x64": "0.5.12", "@opentui/core-linux-x64-musl": "0.5.12", "@opentui/core-win32-arm64": "0.5.12", "@opentui/core-win32-x64": "0.5.12" }, "peerDependencies": { "web-tree-sitter": "0.25.10" } }, "sha512-ZXBE5gmvdovmV8zJQrOQf6E44v1tJRDEgrM2MYhEglzgXZ+smIUp95O8zeRYGsuIzQIiMPMgQqKtTJuzvAb7BQ=="],

    "cliui/string-width": ["string-width@4.2.3", "", { "dependencies": { "emoji-regex": "^8.0.0", "is-fullwidth-code-point": "^3.0.0", "strip-ansi": "^6.0.1" } }, "sha512-wKyQRQpjJ0sIp62ErSZdGsjMJWsap5oRNihHhu6G7JVO/9jIB6UyevL+tXuOqrng8j/cxKTWyWUwvSTriiZz/g=="],

    "cliui/strip-ansi": ["strip-ansi@6.0.1", "", { "dependencies": { "ansi-regex": "^5.0.1" } }, "sha512-Y38VPSHcqkFrCpFnQ9vuSXmquuv5oXOKpGeT6aGrr3o3Gc9AlVa6JBfUSOCnbxGGZF+/0ooI7KrPuUSztUdU5A=="],

    "react-devtools-core/ws": ["ws@7.5.13", "", { "peerDependencies": { "bufferutil": "^4.0.1", "utf-8-validate": "^5.0.2" }, "optionalPeers": ["bufferutil", "utf-8-validate"] }, "sha512-rsKI6xDBFVf4r/x8XyChGK04QR/XHroxs/jUcoWvtEZM8TPU/X/uIY9B1CsSzYws9ZJb/6bbBu7dPhFW00CAoA=="],

    "string-width/strip-ansi": ["strip-ansi@7.2.0", "", { "dependencies": { "ansi-regex": "^6.2.2" } }, "sha512-yDPMNjp4WyfYBkHnjIRLfca1i6KMyGCtsVgoKe/z1+6vukgaENdgGBZt+ZmKPc4gavvEZ5OgHfHdrazhgNyG7w=="],

    "wrap-ansi/string-width": ["string-width@4.2.3", "", { "dependencies": { "emoji-regex": "^8.0.0", "is-fullwidth-code-point": "^3.0.0", "strip-ansi": "^6.0.1" } }, "sha512-wKyQRQpjJ0sIp62ErSZdGsjMJWsap5oRNihHhu6G7JVO/9jIB6UyevL+tXuOqrng8j/cxKTWyWUwvSTriiZz/g=="],

    "wrap-ansi/strip-ansi": ["strip-ansi@6.0.1", "", { "dependencies": { "ansi-regex": "^5.0.1" } }, "sha512-Y38VPSHcqkFrCpFnQ9vuSXmquuv5oXOKpGeT6aGrr3o3Gc9AlVa6JBfUSOCnbxGGZF+/0ooI7KrPuUSztUdU5A=="],

    "yargs/string-width": ["string-width@4.2.3", "", { "dependencies": { "emoji-regex": "^8.0.0", "is-fullwidth-code-point": "^3.0.0", "strip-ansi": "^6.0.1" } }, "sha512-wKyQRQpjJ0sIp62ErSZdGsjMJWsap5oRNihHhu6G7JVO/9jIB6UyevL+tXuOqrng8j/cxKTWyWUwvSTriiZz/g=="],

    "@opentui/react/@opentui/core/@opentui/core-darwin-arm64": ["@opentui/core-darwin-arm64@0.5.12", "", { "os": "darwin", "cpu": "arm64" }, "sha512-YdVnP0tAyerBNl0mIcmQEOotPeZzW1VnSXKBl5cyZ5e6nDd2Y+ui/8eRPpn1oqcamf1NCnzS4ohMgejOvna8Zg=="],

    "@opentui/react/@opentui/core/@opentui/core-darwin-x64": ["@opentui/core-darwin-x64@0.5.12", "", { "os": "darwin", "cpu": "x64" }, "sha512-uRrQJdHmLUSj3PV23QPi3WSimYTTxcXnVouxF6U4xMXlOv4N3SxnHfVwMRQkPqbGOfvVWHeLE6FdK4C+ubU0sQ=="],

    "@opentui/react/@opentui/core/@opentui/core-linux-arm64": ["@opentui/core-linux-arm64@0.5.12", "", { "os": "linux", "cpu": "arm64" }, "sha512-XeKhuIaEtgipvuPHbl4qPOBj+Ut+2zObmsxMVM1jDcjz/FatG9PGeGQPx1G1SnvH2AgpT4K+eCu7DUF0+yIqoQ=="],

    "@opentui/react/@opentui/core/@opentui/core-linux-arm64-musl": ["@opentui/core-linux-arm64-musl@0.5.12", "", { "os": "linux", "cpu": "arm64" }, "sha512-VZ2sNMw1d/r1SLPjUbOP9LKscKz1CQjID8adTL6gG8Lrrq+mYcIUxutyB+P/eG0J/7oRZLPR6OMt7dUOap6RTg=="],

    "@opentui/react/@opentui/core/@opentui/core-linux-x64": ["@opentui/core-linux-x64@0.5.12", "", { "os": "linux", "cpu": "x64" }, "sha512-eZiCjEzwbb6qClPPfk32Nha9xmr9obt69Xj0+9SKsXxWLBKkjQEGOMRoh/R9ObaQF4aq8If1xV3VEY0sD9W9vg=="],

    "@opentui/react/@opentui/core/@opentui/core-linux-x64-musl": ["@opentui/core-linux-x64-musl@0.5.12", "", { "os": "linux", "cpu": "x64" }, "sha512-WWW0hVBoSYZ3D6AgZ4u2Y5/u/IyIq2pDb+4yI3WgJ70Wyt6ofHy+6kRGRgbXFn1p+rPInAHjCXD2v6C7iEKSrA=="],

    "@opentui/react/@opentui/core/@opentui/core-win32-arm64": ["@opentui/core-win32-arm64@0.5.12", "", { "os": "win32", "cpu": "arm64" }, "sha512-aLbm6870Ybls6CYL4zMOCImTBPLZHZMUXJFGqMI44lIWxitkAtT6zg5lYA4oRqFRzzryDclxr29+hDgT3p3Blw=="],

    "@opentui/react/@opentui/core/@opentui/core-win32-x64": ["@opentui/core-win32-x64@0.5.12", "", { "os": "win32", "cpu": "x64" }, "sha512-KTwtwpfd2zF9opVh3SyRJYDd1o3Xv4XL8OZb8Zi+CqWUel6Y2IDCiVivCv8fGJt3J7wOIXXtuZI9ZUkLyKJCiQ=="],

    "cliui/string-width/emoji-regex": ["emoji-regex@8.0.0", "", {}, "sha512-MSjYzcWNOA0ewAHpz0MxpYFvwg6yjy1NG3xteoqz644VCo/RPgnr1/GGt+ic3iJTzQ8Eu3TdM14SawnVUmGE6A=="],

    "cliui/strip-ansi/ansi-regex": ["ansi-regex@5.0.1", "", {}, "sha512-quJQXlTSUGL2LH9SUXo8VwsY4soanhgo6LNSm84E1LBcE8s3O0wpdiRzyR9z/ZZJMlMWv37qOOb9pdJlMUEKFQ=="],

    "wrap-ansi/string-width/emoji-regex": ["emoji-regex@8.0.0", "", {}, "sha512-MSjYzcWNOA0ewAHpz0MxpYFvwg6yjy1NG3xteoqz644VCo/RPgnr1/GGt+ic3iJTzQ8Eu3TdM14SawnVUmGE6A=="],

    "wrap-ansi/strip-ansi/ansi-regex": ["ansi-regex@5.0.1", "", {}, "sha512-quJQXlTSUGL2LH9SUXo8VwsY4soanhgo6LNSm84E1LBcE8s3O0wpdiRzyR9z/ZZJMlMWv37qOOb9pdJlMUEKFQ=="],

    "yargs/string-width/emoji-regex": ["emoji-regex@8.0.0", "", {}, "sha512-MSjYzcWNOA0ewAHpz0MxpYFvwg6yjy1NG3xteoqz644VCo/RPgnr1/GGt+ic3iJTzQ8Eu3TdM14SawnVUmGE6A=="],

    "yargs/string-width/strip-ansi": ["strip-ansi@6.0.1", "", { "dependencies": { "ansi-regex": "^5.0.1" } }, "sha512-Y38VPSHcqkFrCpFnQ9vuSXmquuv5oXOKpGeT6aGrr3o3Gc9AlVa6JBfUSOCnbxGGZF+/0ooI7KrPuUSztUdU5A=="],

    "yargs/string-width/strip-ansi/ansi-regex": ["ansi-regex@5.0.1", "", {}, "sha512-quJQXlTSUGL2LH9SUXo8VwsY4soanhgo6LNSm84E1LBcE8s3O0wpdiRzyR9z/ZZJMlMWv37qOOb9pdJlMUEKFQ=="],
  }
}
